
Microsoft Visual Studio Solution File, Format Version 12.00
# Visual Studio 15
VisualStudioVersion = 15.0.28010.2050
MinimumVisualStudioVersion = 10.0.40219.1
Project("{888888A0-9F3D-457C-B088-3A5042F75D52}") = "PYMC3 Machine Learning Models", "PYMC3 Machine Learning Models\PYMC3 Machine Learning Models.pyproj", "{BFB12973-0BF8-4D59-81DD-12A5D23F4D7B}"
EndProject
Global
	GlobalSection(SolutionConfigurationPlatforms) = preSolution
		Debug|Any CPU = Debug|Any CPU
		Release|Any CPU = Release|Any CPU
	EndGlobalSection
	GlobalSection(ProjectConfigurationPlatforms) = postSolution
		{BFB12973-0BF8-4D59-81DD-12A5D23F4D7B}.Debug|Any CPU.ActiveCfg = Debug|Any CPU
		{BFB12973-0BF8-4D59-81DD-12A5D23F4D7B}.Release|Any CPU.ActiveCfg = Release|Any CPU
	EndGlobalSection
	GlobalSection(SolutionProperties) = preSolution
		HideSolutionNode = FALSE
	EndGlobalSection
	GlobalSection(ExtensibilityGlobals) = postSolution
		SolutionGuid = {51346868-6A64-473D-AB9F-30D95CB4A5E3}
	EndGlobalSection
EndGlobal
